// !$*UTF8*$!
{
	archiveVersion = 1;
	classes = {
	};
	objectVersion = 60;
	objects = {

/* Begin PBXBuildFile section */
		96185A822AF40D09005A5488 /* AppDelegate.swift in Sources */ = {isa = PBXBuildFile; fileRef = 96185A812AF40D09005A5488 /* AppDelegate.swift */; };
		96185A842AF40D09005A5488 /* SceneDelegate.swift in Sources */ = {isa = PBXBuildFile; fileRef = 96185A832AF40D09005A5488 /* SceneDelegate.swift */; };
		96185A862AF40D09005A5488 /* ProductGalleryVC.swift in Sources */ = {isa = PBXBuildFile; fileRef = 96185A852AF40D09005A5488 /* ProductGalleryVC.swift */; };
		96185A8B2AF40D0A005A5488 /* Assets.xcassets in Resources */ = {isa = PBXBuildFile; fileRef = 96185A8A2AF40D0A005A5488 /* Assets.xcassets */; };
		96185A8E2AF40D0A005A5488 /* LaunchScreen.storyboard in Resources */ = {isa = PBXBuildFile; fileRef = 96185A8C2AF40D0A005A5488 /* LaunchScreen.storyboard */; };
		96185A992AF40D0A005A5488 /* PlusMinusOne_CaseTests.swift in Sources */ = {isa = PBXBuildFile; fileRef = 96185A982AF40D0A005A5488 /* PlusMinusOne_CaseTests.swift */; };
		96185AA32AF40D0A005A5488 /* PlusMinusOne_CaseUITests.swift in Sources */ = {isa = PBXBuildFile; fileRef = 96185AA22AF40D0A005A5488 /* PlusMinusOne_CaseUITests.swift */; };
		96185AA52AF40D0A005A5488 /* PlusMinusOne_CaseUITestsLaunchTests.swift in Sources */ = {isa = PBXBuildFile; fileRef = 96185AA42AF40D0A005A5488 /* PlusMinusOne_CaseUITestsLaunchTests.swift */; };
		961969352AF4363E001CB5EB /* Development Log.swift in Sources */ = {isa = PBXBuildFile; fileRef = 961969342AF4363E001CB5EB /* Development Log.swift */; };
		9619693A2AF44456001CB5EB /* ProductDetailVC.swift in Sources */ = {isa = PBXBuildFile; fileRef = 961969392AF44456001CB5EB /* ProductDetailVC.swift */; };
		961969422AF44871001CB5EB /* ProductDetailVM.swift in Sources */ = {isa = PBXBuildFile; fileRef = 961969412AF44871001CB5EB /* ProductDetailVM.swift */; };
		961969442AF4493B001CB5EB /* ProductDetailModel.swift in Sources */ = {isa = PBXBuildFile; fileRef = 961969432AF4493B001CB5EB /* ProductDetailModel.swift */; };
		961969462AF45499001CB5EB /* ProductGalleryVM.swift in Sources */ = {isa = PBXBuildFile; fileRef = 961969452AF45499001CB5EB /* ProductGalleryVM.swift */; };
		961969482AF454D2001CB5EB /* ProductGalleryModel.swift in Sources */ = {isa = PBXBuildFile; fileRef = 961969472AF454D2001CB5EB /* ProductGalleryModel.swift */; };
		9619694C2AF510BA001CB5EB /* ProductCell.swift in Sources */ = {isa = PBXBuildFile; fileRef = 9619694B2AF510BA001CB5EB /* ProductCell.swift */; };
		961969522AF51A0A001CB5EB /* Localize.swift in Sources */ = {isa = PBXBuildFile; fileRef = 961969512AF51A0A001CB5EB /* Localize.swift */; };
		961969552AF5787B001CB5EB /* product.json in Resources */ = {isa = PBXBuildFile; fileRef = 961969542AF5787B001CB5EB /* product.json */; };
		961969572AF578CE001CB5EB /* social.json in Resources */ = {isa = PBXBuildFile; fileRef = 961969562AF578CE001CB5EB /* social.json */; };
		9619695A2AF57C42001CB5EB /* DecoderService.swift in Sources */ = {isa = PBXBuildFile; fileRef = 961969592AF57C42001CB5EB /* DecoderService.swift */; };
		9619695D2AF5827A001CB5EB /* ProductsDTO.swift in Sources */ = {isa = PBXBuildFile; fileRef = 9619695C2AF5827A001CB5EB /* ProductsDTO.swift */; };
		9619695F2AF582B7001CB5EB /* SocialDTO.swift in Sources */ = {isa = PBXBuildFile; fileRef = 9619695E2AF582B7001CB5EB /* SocialDTO.swift */; };
		961969642AF79DB1001CB5EB /* UIStackView+Extended.swift in Sources */ = {isa = PBXBuildFile; fileRef = 961969632AF79DB1001CB5EB /* UIStackView+Extended.swift */; };
		961969662AF7D34C001CB5EB /* UIImageView+Extended.swift in Sources */ = {isa = PBXBuildFile; fileRef = 961969652AF7D34C001CB5EB /* UIImageView+Extended.swift */; };
		961969682AF7D35A001CB5EB /* UILabel+Extended.swift in Sources */ = {isa = PBXBuildFile; fileRef = 961969672AF7D35A001CB5EB /* UILabel+Extended.swift */; };
		9619696B2AF7F9A4001CB5EB /* Kingfisher in Frameworks */ = {isa = PBXBuildFile; productRef = 9619696A2AF7F9A4001CB5EB /* Kingfisher */; };
		9619696E2AF80107001CB5EB /* Cosmos in Frameworks */ = {isa = PBXBuildFile; productRef = 9619696D2AF80107001CB5EB /* Cosmos */; };
		961969722AF8014E001CB5EB /* CountDownView.swift in Sources */ = {isa = PBXBuildFile; fileRef = 961969712AF8014E001CB5EB /* CountDownView.swift */; };
		961969742AF86064001CB5EB /* ProductDataAccessor.swift in Sources */ = {isa = PBXBuildFile; fileRef = 961969732AF86064001CB5EB /* ProductDataAccessor.swift */; };
		96C42F132AFAC953001FC52F /* MockProductDetailVC.swift in Sources */ = {isa = PBXBuildFile; fileRef = 96C42F122AFAC953001FC52F /* MockProductDetailVC.swift */; };
		96C42F162AFAE8DD001FC52F /* MockDetailData.swift in Sources */ = {isa = PBXBuildFile; fileRef = 96C42F152AFAE8DD001FC52F /* MockDetailData.swift */; };
		96C42F1A2AFB0F7C001FC52F /* MockProductGalleryVC.swift in Sources */ = {isa = PBXBuildFile; fileRef = 96C42F192AFB0F7C001FC52F /* MockProductGalleryVC.swift */; };
		96C42F1D2AFB714B001FC52F /* InternetManager.swift in Sources */ = {isa = PBXBuildFile; fileRef = 96C42F1C2AFB714B001FC52F /* InternetManager.swift */; };
/* End PBXBuildFile section */

/* Begin PBXContainerItemProxy section */
		96185A952AF40D0A005A5488 /* PBXContainerItemProxy */ = {
			isa = PBXContainerItemProxy;
			containerPortal = 96185A762AF40D09005A5488 /* Project object */;
			proxyType = 1;
			remoteGlobalIDString = 96185A7D2AF40D09005A5488;
			remoteInfo = "PlusMinusOne-Case";
		};
		96185A9F2AF40D0A005A5488 /* PBXContainerItemProxy */ = {
			isa = PBXContainerItemProxy;
			containerPortal = 96185A762AF40D09005A5488 /* Project object */;
			proxyType = 1;
			remoteGlobalIDString = 96185A7D2AF40D09005A5488;
			remoteInfo = "PlusMinusOne-Case";
		};
/* End PBXContainerItemProxy section */

/* Begin PBXFileReference section */
		96185A7E2AF40D09005A5488 /* PlusMinusOne-Case.app */ = {isa = PBXFileReference; explicitFileType = wrapper.application; includeInIndex = 0; path = "PlusMinusOne-Case.app"; sourceTree = BUILT_PRODUCTS_DIR; };
		96185A812AF40D09005A5488 /* AppDelegate.swift */ = {isa = PBXFileReference; lastKnownFileType = sourcecode.swift; path = AppDelegate.swift; sourceTree = "<group>"; };
		96185A832AF40D09005A5488 /* SceneDelegate.swift */ = {isa = PBXFileReference; lastKnownFileType = sourcecode.swift; path = SceneDelegate.swift; sourceTree = "<group>"; };
		96185A852AF40D09005A5488 /* ProductGalleryVC.swift */ = {isa = PBXFileReference; lastKnownFileType = sourcecode.swift; path = ProductGalleryVC.swift; sourceTree = "<group>"; };
		96185A8A2AF40D0A005A5488 /* Assets.xcassets */ = {isa = PBXFileReference; lastKnownFileType = folder.assetcatalog; path = Assets.xcassets; sourceTree = "<group>"; };
		96185A8D2AF40D0A005A5488 /* Base */ = {isa = PBXFileReference; lastKnownFileType = file.storyboard; name = Base; path = Base.lproj/LaunchScreen.storyboard; sourceTree = "<group>"; };
		96185A8F2AF40D0A005A5488 /* Info.plist */ = {isa = PBXFileReference; lastKnownFileType = text.plist.xml; path = Info.plist; sourceTree = "<group>"; };
		96185A942AF40D0A005A5488 /* PlusMinusOne-CaseTests.xctest */ = {isa = PBXFileReference; explicitFileType = wrapper.cfbundle; includeInIndex = 0; path = "PlusMinusOne-CaseTests.xctest"; sourceTree = BUILT_PRODUCTS_DIR; };
		96185A982AF40D0A005A5488 /* PlusMinusOne_CaseTests.swift */ = {isa = PBXFileReference; lastKnownFileType = sourcecode.swift; path = PlusMinusOne_CaseTests.swift; sourceTree = "<group>"; };
		96185A9E2AF40D0A005A5488 /* PlusMinusOne-CaseUITests.xctest */ = {isa = PBXFileReference; explicitFileType = wrapper.cfbundle; includeInIndex = 0; path = "PlusMinusOne-CaseUITests.xctest"; sourceTree = BUILT_PRODUCTS_DIR; };
		96185AA22AF40D0A005A5488 /* PlusMinusOne_CaseUITests.swift */ = {isa = PBXFileReference; lastKnownFileType = sourcecode.swift; path = PlusMinusOne_CaseUITests.swift; sourceTree = "<group>"; };
		96185AA42AF40D0A005A5488 /* PlusMinusOne_CaseUITestsLaunchTests.swift */ = {isa = PBXFileReference; lastKnownFileType = sourcecode.swift; path = PlusMinusOne_CaseUITestsLaunchTests.swift; sourceTree = "<group>"; };
		961969342AF4363E001CB5EB /* Development Log.swift */ = {isa = PBXFileReference; lastKnownFileType = sourcecode.swift; path = "Development Log.swift"; sourceTree = "<group>"; };
		961969392AF44456001CB5EB /* ProductDetailVC.swift */ = {isa = PBXFileReference; lastKnownFileType = sourcecode.swift; path = ProductDetailVC.swift; sourceTree = "<group>"; };
		961969412AF44871001CB5EB /* ProductDetailVM.swift */ = {isa = PBXFileReference; lastKnownFileType = sourcecode.swift; path = ProductDetailVM.swift; sourceTree = "<group>"; };
		961969432AF4493B001CB5EB /* ProductDetailModel.swift */ = {isa = PBXFileReference; lastKnownFileType = sourcecode.swift; path = ProductDetailModel.swift; sourceTree = "<group>"; };
		961969452AF45499001CB5EB /* ProductGalleryVM.swift */ = {isa = PBXFileReference; lastKnownFileType = sourcecode.swift; path = ProductGalleryVM.swift; sourceTree = "<group>"; };
		961969472AF454D2001CB5EB /* ProductGalleryModel.swift */ = {isa = PBXFileReference; lastKnownFileType = sourcecode.swift; path = ProductGalleryModel.swift; sourceTree = "<group>"; };
		9619694B2AF510BA001CB5EB /* ProductCell.swift */ = {isa = PBXFileReference; lastKnownFileType = sourcecode.swift; path = ProductCell.swift; sourceTree = "<group>"; };
		961969512AF51A0A001CB5EB /* Localize.swift */ = {isa = PBXFileReference; lastKnownFileType = sourcecode.swift; path = Localize.swift; sourceTree = "<group>"; };
		961969542AF5787B001CB5EB /* product.json */ = {isa = PBXFileReference; lastKnownFileType = text.json; path = product.json; sourceTree = "<group>"; };
		961969562AF578CE001CB5EB /* social.json */ = {isa = PBXFileReference; lastKnownFileType = text.json; path = social.json; sourceTree = "<group>"; };
		961969592AF57C42001CB5EB /* DecoderService.swift */ = {isa = PBXFileReference; lastKnownFileType = sourcecode.swift; path = DecoderService.swift; sourceTree = "<group>"; };
		9619695C2AF5827A001CB5EB /* ProductsDTO.swift */ = {isa = PBXFileReference; lastKnownFileType = sourcecode.swift; path = ProductsDTO.swift; sourceTree = "<group>"; };
		9619695E2AF582B7001CB5EB /* SocialDTO.swift */ = {isa = PBXFileReference; lastKnownFileType = sourcecode.swift; path = SocialDTO.swift; sourceTree = "<group>"; };
		961969632AF79DB1001CB5EB /* UIStackView+Extended.swift */ = {isa = PBXFileReference; lastKnownFileType = sourcecode.swift; path = "UIStackView+Extended.swift"; sourceTree = "<group>"; };
		961969652AF7D34C001CB5EB /* UIImageView+Extended.swift */ = {isa = PBXFileReference; lastKnownFileType = sourcecode.swift; path = "UIImageView+Extended.swift"; sourceTree = "<group>"; };
		961969672AF7D35A001CB5EB /* UILabel+Extended.swift */ = {isa = PBXFileReference; lastKnownFileType = sourcecode.swift; path = "UILabel+Extended.swift"; sourceTree = "<group>"; };
		961969712AF8014E001CB5EB /* CountDownView.swift */ = {isa = PBXFileReference; lastKnownFileType = sourcecode.swift; path = CountDownView.swift; sourceTree = "<group>"; };
		961969732AF86064001CB5EB /* ProductDataAccessor.swift */ = {isa = PBXFileReference; lastKnownFileType = sourcecode.swift; path = ProductDataAccessor.swift; sourceTree = "<group>"; };
		96C42F122AFAC953001FC52F /* MockProductDetailVC.swift */ = {isa = PBXFileReference; lastKnownFileType = sourcecode.swift; path = MockProductDetailVC.swift; sourceTree = "<group>"; };
		96C42F152AFAE8DD001FC52F /* MockDetailData.swift */ = {isa = PBXFileReference; lastKnownFileType = sourcecode.swift; path = MockDetailData.swift; sourceTree = "<group>"; };
		96C42F192AFB0F7C001FC52F /* MockProductGalleryVC.swift */ = {isa = PBXFileReference; lastKnownFileType = sourcecode.swift; path = MockProductGalleryVC.swift; sourceTree = "<group>"; };
		96C42F1C2AFB714B001FC52F /* InternetManager.swift */ = {isa = PBXFileReference; lastKnownFileType = sourcecode.swift; path = InternetManager.swift; sourceTree = "<group>"; };
/* End PBXFileReference section */

/* Begin PBXFrameworksBuildPhase section */
		96185A7B2AF40D09005A5488 /* Frameworks */ = {
			isa = PBXFrameworksBuildPhase;
			buildActionMask = 2147483647;
			files = (
				9619696E2AF80107001CB5EB /* Cosmos in Frameworks */,
				9619696B2AF7F9A4001CB5EB /* Kingfisher in Frameworks */,
			);
			runOnlyForDeploymentPostprocessing = 0;
		};
		96185A912AF40D0A005A5488 /* Frameworks */ = {
			isa = PBXFrameworksBuildPhase;
			buildActionMask = 2147483647;
			files = (
			);
			runOnlyForDeploymentPostprocessing = 0;
		};
		96185A9B2AF40D0A005A5488 /* Frameworks */ = {
			isa = PBXFrameworksBuildPhase;
			buildActionMask = 2147483647;
			files = (
			);
			runOnlyForDeploymentPostprocessing = 0;
		};
/* End PBXFrameworksBuildPhase section */

/* Begin PBXGroup section */
		96185A752AF40D09005A5488 = {
			isa = PBXGroup;
			children = (
				96185AA12AF40D0A005A5488 /* PlusMinusOne-CaseUITests */,
				96185A972AF40D0A005A5488 /* PlusMinusOne-CaseTests */,
				96185A802AF40D09005A5488 /* PlusMinusOne-Case */,
				96185A7F2AF40D09005A5488 /* Products */,
			);
			sourceTree = "<group>";
		};
		96185A7F2AF40D09005A5488 /* Products */ = {
			isa = PBXGroup;
			children = (
				96185A7E2AF40D09005A5488 /* PlusMinusOne-Case.app */,
				96185A942AF40D0A005A5488 /* PlusMinusOne-CaseTests.xctest */,
				96185A9E2AF40D0A005A5488 /* PlusMinusOne-CaseUITests.xctest */,
			);
			name = Products;
			sourceTree = "<group>";
		};
		96185A802AF40D09005A5488 /* PlusMinusOne-Case */ = {
			isa = PBXGroup;
			children = (
				96185A8F2AF40D0A005A5488 /* Info.plist */,
				96185AB22AF40E4D005A5488 /* Supporting */,
				9619694D2AF518AF001CB5EB /* Utils */,
				961969362AF442D3001CB5EB /* Screens */,
			);
			path = "PlusMinusOne-Case";
			sourceTree = "<group>";
		};
		96185A972AF40D0A005A5488 /* PlusMinusOne-CaseTests */ = {
			isa = PBXGroup;
			children = (
				96185A982AF40D0A005A5488 /* PlusMinusOne_CaseTests.swift */,
				96C42F172AFB0EED001FC52F /* Screens */,
			);
			path = "PlusMinusOne-CaseTests";
			sourceTree = "<group>";
		};
		96185AA12AF40D0A005A5488 /* PlusMinusOne-CaseUITests */ = {
			isa = PBXGroup;
			children = (
				96185AA22AF40D0A005A5488 /* PlusMinusOne_CaseUITests.swift */,
				96185AA42AF40D0A005A5488 /* PlusMinusOne_CaseUITestsLaunchTests.swift */,
			);
			path = "PlusMinusOne-CaseUITests";
			sourceTree = "<group>";
		};
		96185AB12AF40D1F005A5488 /* Project Specific */ = {
			isa = PBXGroup;
			children = (
				961969342AF4363E001CB5EB /* Development Log.swift */,
			);
			path = "Project Specific";
			sourceTree = "<group>";
		};
		96185AB22AF40E4D005A5488 /* Supporting */ = {
			isa = PBXGroup;
			children = (
				96185AB12AF40D1F005A5488 /* Project Specific */,
				96185A812AF40D09005A5488 /* AppDelegate.swift */,
				96185A832AF40D09005A5488 /* SceneDelegate.swift */,
				96185A8A2AF40D0A005A5488 /* Assets.xcassets */,
				96185A8C2AF40D0A005A5488 /* LaunchScreen.storyboard */,
			);
			path = Supporting;
			sourceTree = "<group>";
		};
		961969362AF442D3001CB5EB /* Screens */ = {
			isa = PBXGroup;
			children = (
				961969382AF44336001CB5EB /* Detail */,
				961969372AF442F0001CB5EB /* Gallery */,
			);
			path = Screens;
			sourceTree = "<group>";
		};
		961969372AF442F0001CB5EB /* Gallery */ = {
			isa = PBXGroup;
			children = (
				961969402AF4452C001CB5EB /* Model */,
				9619693F2AF44524001CB5EB /* ViewModel */,
				9619693E2AF44518001CB5EB /* View */,
			);
			path = Gallery;
			sourceTree = "<group>";
		};
		961969382AF44336001CB5EB /* Detail */ = {
			isa = PBXGroup;
			children = (
				9619693B2AF444F8001CB5EB /* Model */,
				9619693C2AF444FF001CB5EB /* ViewModel */,
				9619693D2AF44507001CB5EB /* View */,
			);
			path = Detail;
			sourceTree = "<group>";
		};
		9619693B2AF444F8001CB5EB /* Model */ = {
			isa = PBXGroup;
			children = (
				961969432AF4493B001CB5EB /* ProductDetailModel.swift */,
			);
			path = Model;
			sourceTree = "<group>";
		};
		9619693C2AF444FF001CB5EB /* ViewModel */ = {
			isa = PBXGroup;
			children = (
				961969412AF44871001CB5EB /* ProductDetailVM.swift */,
			);
			path = ViewModel;
			sourceTree = "<group>";
		};
		9619693D2AF44507001CB5EB /* View */ = {
			isa = PBXGroup;
			children = (
				961969392AF44456001CB5EB /* ProductDetailVC.swift */,
			);
			path = View;
			sourceTree = "<group>";
		};
		9619693E2AF44518001CB5EB /* View */ = {
			isa = PBXGroup;
			children = (
				961969492AF51085001CB5EB /* Components */,
				96185A852AF40D09005A5488 /* ProductGalleryVC.swift */,
			);
			path = View;
			sourceTree = "<group>";
		};
		9619693F2AF44524001CB5EB /* ViewModel */ = {
			isa = PBXGroup;
			children = (
				961969452AF45499001CB5EB /* ProductGalleryVM.swift */,
			);
			path = ViewModel;
			sourceTree = "<group>";
		};
		961969402AF4452C001CB5EB /* Model */ = {
			isa = PBXGroup;
			children = (
				961969472AF454D2001CB5EB /* ProductGalleryModel.swift */,
			);
			path = Model;
			sourceTree = "<group>";
		};
		961969492AF51085001CB5EB /* Components */ = {
			isa = PBXGroup;
			children = (
				9619694A2AF5108F001CB5EB /* ProductCell */,
			);
			path = Components;
			sourceTree = "<group>";
		};
		9619694A2AF5108F001CB5EB /* ProductCell */ = {
			isa = PBXGroup;
			children = (
				9619694B2AF510BA001CB5EB /* ProductCell.swift */,
			);
			path = ProductCell;
			sourceTree = "<group>";
		};
		9619694D2AF518AF001CB5EB /* Utils */ = {
			isa = PBXGroup;
			children = (
				96C42F1B2AFB712C001FC52F /* Manager */,
				9619696F2AF80122001CB5EB /* Animation */,
				961969532AF577DB001CB5EB /* Decoder */,
				9619694F2AF518D1001CB5EB /* SDK Extension */,
				9619694E2AF518C6001CB5EB /* Enum */,
			);
			path = Utils;
			sourceTree = "<group>";
		};
		9619694E2AF518C6001CB5EB /* Enum */ = {
			isa = PBXGroup;
			children = (
				961969512AF51A0A001CB5EB /* Localize.swift */,
				961969732AF86064001CB5EB /* ProductDataAccessor.swift */,
			);
			path = Enum;
			sourceTree = "<group>";
		};
		9619694F2AF518D1001CB5EB /* SDK Extension */ = {
			isa = PBXGroup;
			children = (
				961969632AF79DB1001CB5EB /* UIStackView+Extended.swift */,
				961969652AF7D34C001CB5EB /* UIImageView+Extended.swift */,
				961969672AF7D35A001CB5EB /* UILabel+Extended.swift */,
			);
			path = "SDK Extension";
			sourceTree = "<group>";
		};
		961969532AF577DB001CB5EB /* Decoder */ = {
			isa = PBXGroup;
			children = (
				961969592AF57C42001CB5EB /* DecoderService.swift */,
				9619695B2AF58262001CB5EB /* DTO */,
				961969582AF57B88001CB5EB /* JSON Files */,
			);
			path = Decoder;
			sourceTree = "<group>";
		};
		961969582AF57B88001CB5EB /* JSON Files */ = {
			isa = PBXGroup;
			children = (
				961969542AF5787B001CB5EB /* product.json */,
				961969562AF578CE001CB5EB /* social.json */,
			);
			path = "JSON Files";
			sourceTree = "<group>";
		};
		9619695B2AF58262001CB5EB /* DTO */ = {
			isa = PBXGroup;
			children = (
				9619695C2AF5827A001CB5EB /* ProductsDTO.swift */,
				9619695E2AF582B7001CB5EB /* SocialDTO.swift */,
			);
			path = DTO;
			sourceTree = "<group>";
		};
		9619696F2AF80122001CB5EB /* Animation */ = {
			isa = PBXGroup;
			children = (
				961969702AF8012E001CB5EB /* CountDownView */,
			);
			path = Animation;
			sourceTree = "<group>";
		};
		961969702AF8012E001CB5EB /* CountDownView */ = {
			isa = PBXGroup;
			children = (
				961969712AF8014E001CB5EB /* CountDownView.swift */,
			);
			path = CountDownView;
			sourceTree = "<group>";
		};
		96C42F0F2AFAC8F5001FC52F /* Detail */ = {
			isa = PBXGroup;
			children = (
				96C42F142AFAE891001FC52F /* Data Mock */,
				96C42F112AFAC90B001FC52F /* View Mock */,
			);
			path = Detail;
			sourceTree = "<group>";
		};
		96C42F102AFAC901001FC52F /* Gallery */ = {
			isa = PBXGroup;
			children = (
				96C42F182AFB0F61001FC52F /* View Mock */,
			);
			path = Gallery;
			sourceTree = "<group>";
		};
		96C42F112AFAC90B001FC52F /* View Mock */ = {
			isa = PBXGroup;
			children = (
				96C42F122AFAC953001FC52F /* MockProductDetailVC.swift */,
			);
			path = "View Mock";
			sourceTree = "<group>";
		};
		96C42F142AFAE891001FC52F /* Data Mock */ = {
			isa = PBXGroup;
			children = (
				96C42F152AFAE8DD001FC52F /* MockDetailData.swift */,
			);
			path = "Data Mock";
			sourceTree = "<group>";
		};
		96C42F172AFB0EED001FC52F /* Screens */ = {
			isa = PBXGroup;
			children = (
				96C42F0F2AFAC8F5001FC52F /* Detail */,
				96C42F102AFAC901001FC52F /* Gallery */,
			);
			path = Screens;
			sourceTree = "<group>";
		};
		96C42F182AFB0F61001FC52F /* View Mock */ = {
			isa = PBXGroup;
			children = (
				96C42F192AFB0F7C001FC52F /* MockProductGalleryVC.swift */,
			);
			path = "View Mock";
			sourceTree = "<group>";
		};
		96C42F1B2AFB712C001FC52F /* Manager */ = {
			isa = PBXGroup;
			children = (
				96C42F1C2AFB714B001FC52F /* InternetManager.swift */,
			);
			path = Manager;
			sourceTree = "<group>";
		};
/* End PBXGroup section */

/* Begin PBXNativeTarget section */
		96185A7D2AF40D09005A5488 /* PlusMinusOne-Case */ = {
			isa = PBXNativeTarget;
			buildConfigurationList = 96185AA82AF40D0A005A5488 /* Build configuration list for PBXNativeTarget "PlusMinusOne-Case" */;
			buildPhases = (
				96185A7A2AF40D09005A5488 /* Sources */,
				96185A7B2AF40D09005A5488 /* Frameworks */,
				96185A7C2AF40D09005A5488 /* Resources */,
			);
			buildRules = (
			);
			dependencies = (
			);
			name = "PlusMinusOne-Case";
			packageProductDependencies = (
				9619696A2AF7F9A4001CB5EB /* Kingfisher */,
				9619696D2AF80107001CB5EB /* Cosmos */,
			);
			productName = "PlusMinusOne-Case";
			productReference = 96185A7E2AF40D09005A5488 /* PlusMinusOne-Case.app */;
			productType = "com.apple.product-type.application";
		};
		96185A932AF40D0A005A5488 /* PlusMinusOne-CaseTests */ = {
			isa = PBXNativeTarget;
			buildConfigurationList = 96185AAB2AF40D0A005A5488 /* Build configuration list for PBXNativeTarget "PlusMinusOne-CaseTests" */;
			buildPhases = (
				96185A902AF40D0A005A5488 /* Sources */,
				96185A912AF40D0A005A5488 /* Frameworks */,
				96185A922AF40D0A005A5488 /* Resources */,
			);
			buildRules = (
			);
			dependencies = (
				96185A962AF40D0A005A5488 /* PBXTargetDependency */,
			);
			name = "PlusMinusOne-CaseTests";
			productName = "PlusMinusOne-CaseTests";
			productReference = 96185A942AF40D0A005A5488 /* PlusMinusOne-CaseTests.xctest */;
			productType = "com.apple.product-type.bundle.unit-test";
		};
		96185A9D2AF40D0A005A5488 /* PlusMinusOne-CaseUITests */ = {
			isa = PBXNativeTarget;
			buildConfigurationList = 96185AAE2AF40D0A005A5488 /* Build configuration list for PBXNativeTarget "PlusMinusOne-CaseUITests" */;
			buildPhases = (
				96185A9A2AF40D0A005A5488 /* Sources */,
				96185A9B2AF40D0A005A5488 /* Frameworks */,
				96185A9C2AF40D0A005A5488 /* Resources */,
			);
			buildRules = (
			);
			dependencies = (
				96185AA02AF40D0A005A5488 /* PBXTargetDependency */,
			);
			name = "PlusMinusOne-CaseUITests";
			productName = "PlusMinusOne-CaseUITests";
			productReference = 96185A9E2AF40D0A005A5488 /* PlusMinusOne-CaseUITests.xctest */;
			productType = "com.apple.product-type.bundle.ui-testing";
		};
/* End PBXNativeTarget section */

/* Begin PBXProject section */
		96185A762AF40D09005A5488 /* Project object */ = {
			isa = PBXProject;
			attributes = {
				BuildIndependentTargetsInParallel = 1;
				LastSwiftUpdateCheck = 1430;
				LastUpgradeCheck = 1500;
				TargetAttributes = {
					96185A7D2AF40D09005A5488 = {
						CreatedOnToolsVersion = 14.3.1;
					};
					96185A932AF40D0A005A5488 = {
						CreatedOnToolsVersion = 14.3.1;
						TestTargetID = 96185A7D2AF40D09005A5488;
					};
					96185A9D2AF40D0A005A5488 = {
						CreatedOnToolsVersion = 14.3.1;
						TestTargetID = 96185A7D2AF40D09005A5488;
					};
				};
			};
			buildConfigurationList = 96185A792AF40D09005A5488 /* Build configuration list for PBXProject "PlusMinusOne-Case" */;
			compatibilityVersion = "Xcode 15.0";
			developmentRegion = en;
			hasScannedForEncodings = 0;
			knownRegions = (
				en,
				Base,
			);
			mainGroup = 96185A752AF40D09005A5488;
			packageReferences = (
				961969692AF7F9A4001CB5EB /* XCRemoteSwiftPackageReference "Kingfisher" */,
				9619696C2AF80107001CB5EB /* XCRemoteSwiftPackageReference "Cosmos" */,
			);
			productRefGroup = 96185A7F2AF40D09005A5488 /* Products */;
			projectDirPath = "";
			projectRoot = "";
			targets = (
				96185A7D2AF40D09005A5488 /* PlusMinusOne-Case */,
				96185A932AF40D0A005A5488 /* PlusMinusOne-CaseTests */,
				96185A9D2AF40D0A005A5488 /* PlusMinusOne-CaseUITests */,
			);
		};
/* End PBXProject section */

/* Begin PBXResourcesBuildPhase section */
		96185A7C2AF40D09005A5488 /* Resources */ = {
			isa = PBXResourcesBuildPhase;
			buildActionMask = 2147483647;
			files = (
				96185A8E2AF40D0A005A5488 /* LaunchScreen.storyboard in Resources */,
				96185A8B2AF40D0A005A5488 /* Assets.xcassets in Resources */,
				961969572AF578CE001CB5EB /* social.json in Resources */,
				961969552AF5787B001CB5EB /* product.json in Resources */,
			);
			runOnlyForDeploymentPostprocessing = 0;
		};
		96185A922AF40D0A005A5488 /* Resources */ = {
			isa = PBXResourcesBuildPhase;
			buildActionMask = 2147483647;
			files = (
			);
			runOnlyForDeploymentPostprocessing = 0;
		};
		96185A9C2AF40D0A005A5488 /* Resources */ = {
			isa = PBXResourcesBuildPhase;
			buildActionMask = 2147483647;
			files = (
			);
			runOnlyForDeploymentPostprocessing = 0;
		};
/* End PBXResourcesBuildPhase section */

/* Begin PBXSourcesBuildPhase section */
		96185A7A2AF40D09005A5488 /* Sources */ = {
			isa = PBXSourcesBuildPhase;
			buildActionMask = 2147483647;
			files = (
				961969682AF7D35A001CB5EB /* UILabel+Extended.swift in Sources */,
				9619695A2AF57C42001CB5EB /* DecoderService.swift in Sources */,
				96185A862AF40D09005A5488 /* ProductGalleryVC.swift in Sources */,
				9619693A2AF44456001CB5EB /* ProductDetailVC.swift in Sources */,
				961969482AF454D2001CB5EB /* ProductGalleryModel.swift in Sources */,
				961969442AF4493B001CB5EB /* ProductDetailModel.swift in Sources */,
				961969352AF4363E001CB5EB /* Development Log.swift in Sources */,
				96185A822AF40D09005A5488 /* AppDelegate.swift in Sources */,
				96C42F1D2AFB714B001FC52F /* InternetManager.swift in Sources */,
				9619695D2AF5827A001CB5EB /* ProductsDTO.swift in Sources */,
				9619695F2AF582B7001CB5EB /* SocialDTO.swift in Sources */,
				961969642AF79DB1001CB5EB /* UIStackView+Extended.swift in Sources */,
				961969462AF45499001CB5EB /* ProductGalleryVM.swift in Sources */,
				9619694C2AF510BA001CB5EB /* ProductCell.swift in Sources */,
				961969742AF86064001CB5EB /* ProductDataAccessor.swift in Sources */,
				96185A842AF40D09005A5488 /* SceneDelegate.swift in Sources */,
				961969722AF8014E001CB5EB /* CountDownView.swift in Sources */,
				961969662AF7D34C001CB5EB /* UIImageView+Extended.swift in Sources */,
				961969422AF44871001CB5EB /* ProductDetailVM.swift in Sources */,
				961969522AF51A0A001CB5EB /* Localize.swift in Sources */,
			);
			runOnlyForDeploymentPostprocessing = 0;
		};
		96185A902AF40D0A005A5488 /* Sources */ = {
			isa = PBXSourcesBuildPhase;
			buildActionMask = 2147483647;
			files = (
				96C42F162AFAE8DD001FC52F /* MockDetailData.swift in Sources */,
				96C42F1A2AFB0F7C001FC52F /* MockProductGalleryVC.swift in Sources */,
				96185A992AF40D0A005A5488 /* PlusMinusOne_CaseTests.swift in Sources */,
				96C42F132AFAC953001FC52F /* MockProductDetailVC.swift in Sources */,
			);
			runOnlyForDeploymentPostprocessing = 0;
		};
		96185A9A2AF40D0A005A5488 /* Sources */ = {
			isa = PBXSourcesBuildPhase;
			buildActionMask = 2147483647;
			files = (
				96185AA52AF40D0A005A5488 /* PlusMinusOne_CaseUITestsLaunchTests.swift in Sources */,
				96185AA32AF40D0A005A5488 /* PlusMinusOne_CaseUITests.swift in Sources */,
			);
			runOnlyForDeploymentPostprocessing = 0;
		};
/* End PBXSourcesBuildPhase section */

/* Begin PBXTargetDependency section */
		96185A962AF40D0A005A5488 /* PBXTargetDependency */ = {
			isa = PBXTargetDependency;
			target = 96185A7D2AF40D09005A5488 /* PlusMinusOne-Case */;
			targetProxy = 96185A952AF40D0A005A5488 /* PBXContainerItemProxy */;
		};
		96185AA02AF40D0A005A5488 /* PBXTargetDependency */ = {
			isa = PBXTargetDependency;
			target = 96185A7D2AF40D09005A5488 /* PlusMinusOne-Case */;
			targetProxy = 96185A9F2AF40D0A005A5488 /* PBXContainerItemProxy */;
		};
/* End PBXTargetDependency section */

/* Begin PBXVariantGroup section */
		96185A8C2AF40D0A005A5488 /* LaunchScreen.storyboard */ = {
			isa = PBXVariantGroup;
			children = (
				96185A8D2AF40D0A005A5488 /* Base */,
			);
			name = LaunchScreen.storyboard;
			sourceTree = "<group>";
		};
/* End PBXVariantGroup section */

/* Begin XCBuildConfiguration section */
		96185AA62AF40D0A005A5488 /* Debug */ = {
			isa = XCBuildConfiguration;
			buildSettings = {
				ALWAYS_SEARCH_USER_PATHS = NO;
				CLANG_ANALYZER_NONNULL = YES;
				CLANG_ANALYZER_NUMBER_OBJECT_CONVERSION = YES_AGGRESSIVE;
				CLANG_CXX_LANGUAGE_STANDARD = "gnu++20";
				CLANG_ENABLE_MODULES = YES;
				CLANG_ENABLE_OBJC_ARC = YES;
				CLANG_ENABLE_OBJC_WEAK = YES;
				CLANG_WARN_BLOCK_CAPTURE_AUTORELEASING = YES;
				CLANG_WARN_BOOL_CONVERSION = YES;
				CLANG_WARN_COMMA = YES;
				CLANG_WARN_CONSTANT_CONVERSION = YES;
				CLANG_WARN_DEPRECATED_OBJC_IMPLEMENTATIONS = YES;
				CLANG_WARN_DIRECT_OBJC_ISA_USAGE = YES_ERROR;
				CLANG_WARN_DOCUMENTATION_COMMENTS = YES;
				CLANG_WARN_EMPTY_BODY = YES;
				CLANG_WARN_ENUM_CONVERSION = YES;
				CLANG_WARN_INFINITE_RECURSION = YES;
				CLANG_WARN_INT_CONVERSION = YES;
				CLANG_WARN_NON_LITERAL_NULL_CONVERSION = YES;
				CLANG_WARN_OBJC_IMPLICIT_RETAIN_SELF = YES;
				CLANG_WARN_OBJC_LITERAL_CONVERSION = YES;
				CLANG_WARN_OBJC_ROOT_CLASS = YES_ERROR;
				CLANG_WARN_QUOTED_INCLUDE_IN_FRAMEWORK_HEADER = YES;
				CLANG_WARN_RANGE_LOOP_ANALYSIS = YES;
				CLANG_WARN_STRICT_PROTOTYPES = YES;
				CLANG_WARN_SUSPICIOUS_MOVE = YES;
				CLANG_WARN_UNGUARDED_AVAILABILITY = YES_AGGRESSIVE;
				CLANG_WARN_UNREACHABLE_CODE = YES;
				CLANG_WARN__DUPLICATE_METHOD_MATCH = YES;
				COPY_PHASE_STRIP = NO;
				DEBUG_INFORMATION_FORMAT = dwarf;
				ENABLE_STRICT_OBJC_MSGSEND = YES;
				ENABLE_TESTABILITY = YES;
				ENABLE_USER_SCRIPT_SANDBOXING = YES;
				GCC_C_LANGUAGE_STANDARD = gnu11;
				GCC_DYNAMIC_NO_PIC = NO;
				GCC_NO_COMMON_BLOCKS = YES;
				GCC_OPTIMIZATION_LEVEL = 0;
				GCC_PREPROCESSOR_DEFINITIONS = (
					"DEBUG=1",
					"$(inherited)",
				);
				GCC_WARN_64_TO_32_BIT_CONVERSION = YES;
				GCC_WARN_ABOUT_RETURN_TYPE = YES_ERROR;
				GCC_WARN_UNDECLARED_SELECTOR = YES;
				GCC_WARN_UNINITIALIZED_AUTOS = YES_AGGRESSIVE;
				GCC_WARN_UNUSED_FUNCTION = YES;
				GCC_WARN_UNUSED_VARIABLE = YES;
				IPHONEOS_DEPLOYMENT_TARGET = 17.0;
				MTL_ENABLE_DEBUG_INFO = INCLUDE_SOURCE;
				MTL_FAST_MATH = YES;
				ONLY_ACTIVE_ARCH = YES;
				SDKROOT = iphoneos;
				SWIFT_ACTIVE_COMPILATION_CONDITIONS = DEBUG;
				SWIFT_OPTIMIZATION_LEVEL = "-Onone";
			};
			name = Debug;
		};
		96185AA72AF40D0A005A5488 /* Release */ = {
			isa = XCBuildConfiguration;
			buildSettings = {
				ALWAYS_SEARCH_USER_PATHS = NO;
				CLANG_ANALYZER_NONNULL = YES;
				CLANG_ANALYZER_NUMBER_OBJECT_CONVERSION = YES_AGGRESSIVE;
				CLANG_CXX_LANGUAGE_STANDARD = "gnu++20";
				CLANG_ENABLE_MODULES = YES;
				CLANG_ENABLE_OBJC_ARC = YES;
				CLANG_ENABLE_OBJC_WEAK = YES;
				CLANG_WARN_BLOCK_CAPTURE_AUTORELEASING = YES;
				CLANG_WARN_BOOL_CONVERSION = YES;
				CLANG_WARN_COMMA = YES;
				CLANG_WARN_CONSTANT_CONVERSION = YES;
				CLANG_WARN_DEPRECATED_OBJC_IMPLEMENTATIONS = YES;
				CLANG_WARN_DIRECT_OBJC_ISA_USAGE = YES_ERROR;
				CLANG_WARN_DOCUMENTATION_COMMENTS = YES;
				CLANG_WARN_EMPTY_BODY = YES;
				CLANG_WARN_ENUM_CONVERSION = YES;
				CLANG_WARN_INFINITE_RECURSION = YES;
				CLANG_WARN_INT_CONVERSION = YES;
				CLANG_WARN_NON_LITERAL_NULL_CONVERSION = YES;
				CLANG_WARN_OBJC_IMPLICIT_RETAIN_SELF = YES;
				CLANG_WARN_OBJC_LITERAL_CONVERSION = YES;
				CLANG_WARN_OBJC_ROOT_CLASS = YES_ERROR;
				CLANG_WARN_QUOTED_INCLUDE_IN_FRAMEWORK_HEADER = YES;
				CLANG_WARN_RANGE_LOOP_ANALYSIS = YES;
				CLANG_WARN_STRICT_PROTOTYPES = YES;
				CLANG_WARN_SUSPICIOUS_MOVE = YES;
				CLANG_WARN_UNGUARDED_AVAILABILITY = YES_AGGRESSIVE;
				CLANG_WARN_UNREACHABLE_CODE = YES;
				CLANG_WARN__DUPLICATE_METHOD_MATCH = YES;
				COPY_PHASE_STRIP = NO;
				DEBUG_INFORMATION_FORMAT = "dwarf-with-dsym";
				ENABLE_NS_ASSERTIONS = NO;
				ENABLE_STRICT_OBJC_MSGSEND = YES;
				ENABLE_USER_SCRIPT_SANDBOXING = YES;
				GCC_C_LANGUAGE_STANDARD = gnu11;
				GCC_NO_COMMON_BLOCKS = YES;
				GCC_WARN_64_TO_32_BIT_CONVERSION = YES;
				GCC_WARN_ABOUT_RETURN_TYPE = YES_ERROR;
				GCC_WARN_UNDECLARED_SELECTOR = YES;
				GCC_WARN_UNINITIALIZED_AUTOS = YES_AGGRESSIVE;
				GCC_WARN_UNUSED_FUNCTION = YES;
				GCC_WARN_UNUSED_VARIABLE = YES;
				IPHONEOS_DEPLOYMENT_TARGET = 17.0;
				MTL_ENABLE_DEBUG_INFO = NO;
				MTL_FAST_MATH = YES;
				SDKROOT = iphoneos;
				SWIFT_COMPILATION_MODE = wholemodule;
				SWIFT_OPTIMIZATION_LEVEL = "-O";
				VALIDATE_PRODUCT = YES;
			};
			name = Release;
		};
		96185AA92AF40D0A005A5488 /* Debug */ = {
			isa = XCBuildConfiguration;
			buildSettings = {
				ASSETCATALOG_COMPILER_APPICON_NAME = AppIcon;
				ASSETCATALOG_COMPILER_GLOBAL_ACCENT_COLOR_NAME = AccentColor;
				CODE_SIGN_STYLE = Automatic;
				CURRENT_PROJECT_VERSION = 1;
				DEVELOPMENT_TEAM = GQM8T6BKPB;
				GENERATE_INFOPLIST_FILE = YES;
				INFOPLIST_FILE = "PlusMinusOne-Case/Info.plist";
				INFOPLIST_KEY_UIApplicationSupportsIndirectInputEvents = YES;
				INFOPLIST_KEY_UILaunchStoryboardName = LaunchScreen;
				INFOPLIST_KEY_UISupportedInterfaceOrientations = UIInterfaceOrientationPortrait;
				INFOPLIST_KEY_UISupportedInterfaceOrientations_iPad = "UIInterfaceOrientationLandscapeLeft UIInterfaceOrientationLandscapeRight UIInterfaceOrientationPortrait UIInterfaceOrientationPortraitUpsideDown";
				IPHONEOS_DEPLOYMENT_TARGET = 17.0;
				LD_RUNPATH_SEARCH_PATHS = (
					"$(inherited)",
					"@executable_path/Frameworks",
				);
				MARKETING_VERSION = 1.0;
				PRODUCT_BUNDLE_IDENTIFIER = "osman.sefa.ibis.PlusMinusOne-Case";
				PRODUCT_NAME = "$(TARGET_NAME)";
				SUPPORTED_PLATFORMS = "iphoneos iphonesimulator";
				SUPPORTS_MACCATALYST = NO;
				SUPPORTS_MAC_DESIGNED_FOR_IPHONE_IPAD = NO;
				SWIFT_EMIT_LOC_STRINGS = YES;
				SWIFT_VERSION = 5.0;
				TARGETED_DEVICE_FAMILY = 1;
			};
			name = Debug;
		};
		96185AAA2AF40D0A005A5488 /* Release */ = {
			isa = XCBuildConfiguration;
			buildSettings = {
				ASSETCATALOG_COMPILER_APPICON_NAME = AppIcon;
				ASSETCATALOG_COMPILER_GLOBAL_ACCENT_COLOR_NAME = AccentColor;
				CODE_SIGN_STYLE = Automatic;
				CURRENT_PROJECT_VERSION = 1;
				DEVELOPMENT_TEAM = GQM8T6BKPB;
				GENERATE_INFOPLIST_FILE = YES;
				INFOPLIST_FILE = "PlusMinusOne-Case/Info.plist";
				INFOPLIST_KEY_UIApplicationSupportsIndirectInputEvents = YES;
				INFOPLIST_KEY_UILaunchStoryboardName = LaunchScreen;
				INFOPLIST_KEY_UISupportedInterfaceOrientations = UIInterfaceOrientationPortrait;
				INFOPLIST_KEY_UISupportedInterfaceOrientations_iPad = "UIInterfaceOrientationLandscapeLeft UIInterfaceOrientationLandscapeRight UIInterfaceOrientationPortrait UIInterfaceOrientationPortraitUpsideDown";
				IPHONEOS_DEPLOYMENT_TARGET = 17.0;
				LD_RUNPATH_SEARCH_PATHS = (
					"$(inherited)",
					"@executable_path/Frameworks",
				);
				MARKETING_VERSION = 1.0;
				PRODUCT_BUNDLE_IDENTIFIER = "osman.sefa.ibis.PlusMinusOne-Case";
				PRODUCT_NAME = "$(TARGET_NAME)";
				SUPPORTED_PLATFORMS = "iphoneos iphonesimulator";
				SUPPORTS_MACCATALYST = NO;
				SUPPORTS_MAC_DESIGNED_FOR_IPHONE_IPAD = NO;
				SWIFT_EMIT_LOC_STRINGS = YES;
				SWIFT_VERSION = 5.0;
				TARGETED_DEVICE_FAMILY = 1;
			};
			name = Release;
		};
		96185AAC2AF40D0A005A5488 /* Debug */ = {
			isa = XCBuildConfiguration;
			buildSettings = {
				ALWAYS_EMBED_SWIFT_STANDARD_LIBRARIES = YES;
				BUNDLE_LOADER = "$(TEST_HOST)";
				CODE_SIGN_STYLE = Automatic;
				CURRENT_PROJECT_VERSION = 1;
				DEVELOPMENT_TEAM = GQM8T6BKPB;
				GENERATE_INFOPLIST_FILE = YES;
				IPHONEOS_DEPLOYMENT_TARGET = 17.0;
				MARKETING_VERSION = 1.0;
				PRODUCT_BUNDLE_IDENTIFIER = "osman.sefa.ibis.PlusMinusOne-CaseTests";
				PRODUCT_NAME = "$(TARGET_NAME)";
				SUPPORTED_PLATFORMS = "iphoneos iphonesimulator";
				SUPPORTS_MACCATALYST = NO;
				SUPPORTS_MAC_DESIGNED_FOR_IPHONE_IPAD = NO;
				SWIFT_EMIT_LOC_STRINGS = NO;
				SWIFT_VERSION = 5.0;
				TARGETED_DEVICE_FAMILY = 1;
				TEST_HOST = "$(BUILT_PRODUCTS_DIR)/PlusMinusOne-Case.app/$(BUNDLE_EXECUTABLE_FOLDER_PATH)/PlusMinusOne-Case";
			};
			name = Debug;
		};
		96185AAD2AF40D0A005A5488 /* Release */ = {
			isa = XCBuildConfiguration;
			buildSettings = {
				ALWAYS_EMBED_SWIFT_STANDARD_LIBRARIES = YES;
				BUNDLE_LOADER = "$(TEST_HOST)";
				CODE_SIGN_STYLE = Automatic;
				CURRENT_PROJECT_VERSION = 1;
				DEVELOPMENT_TEAM = GQM8T6BKPB;
				GENERATE_INFOPLIST_FILE = YES;
				IPHONEOS_DEPLOYMENT_TARGET = 17.0;
				MARKETING_VERSION = 1.0;
				PRODUCT_BUNDLE_IDENTIFIER = "osman.sefa.ibis.PlusMinusOne-CaseTests";
				PRODUCT_NAME = "$(TARGET_NAME)";
				SUPPORTED_PLATFORMS = "iphoneos iphonesimulator";
				SUPPORTS_MACCATALYST = NO;
				SUPPORTS_MAC_DESIGNED_FOR_IPHONE_IPAD = NO;
				SWIFT_EMIT_LOC_STRINGS = NO;
				SWIFT_VERSION = 5.0;
				TARGETED_DEVICE_FAMILY = 1;
				TEST_HOST = "$(BUILT_PRODUCTS_DIR)/PlusMinusOne-Case.app/$(BUNDLE_EXECUTABLE_FOLDER_PATH)/PlusMinusOne-Case";
			};
			name = Release;
		};
		96185AAF2AF40D0A005A5488 /* Debug */ = {
			isa = XCBuildConfiguration;
			buildSettings = {
				ALWAYS_EMBED_SWIFT_STANDARD_LIBRARIES = YES;
				CODE_SIGN_STYLE = Automatic;
				CURRENT_PROJECT_VERSION = 1;
				DEVELOPMENT_TEAM = GQM8T6BKPB;
				GENERATE_INFOPLIST_FILE = YES;
				MARKETING_VERSION = 1.0;
				PRODUCT_BUNDLE_IDENTIFIER = "osman.sefa.ibis.PlusMinusOne-CaseUITests";
				PRODUCT_NAME = "$(TARGET_NAME)";
				SUPPORTED_PLATFORMS = "iphoneos iphonesimulator";
				SUPPORTS_MACCATALYST = NO;
				SUPPORTS_MAC_DESIGNED_FOR_IPHONE_IPAD = NO;
				SWIFT_EMIT_LOC_STRINGS = NO;
				SWIFT_VERSION = 5.0;
				TARGETED_DEVICE_FAMILY = 1;
				TEST_TARGET_NAME = "PlusMinusOne-Case";
			};
			name = Debug;
		};
		96185AB02AF40D0A005A5488 /* Release */ = {
			isa = XCBuildConfiguration;
			buildSettings = {
				ALWAYS_EMBED_SWIFT_STANDARD_LIBRARIES = YES;
				CODE_SIGN_STYLE = Automatic;
				CURRENT_PROJECT_VERSION = 1;
				DEVELOPMENT_TEAM = GQM8T6BKPB;
				GENERATE_INFOPLIST_FILE = YES;
				MARKETING_VERSION = 1.0;
				PRODUCT_BUNDLE_IDENTIFIER = "osman.sefa.ibis.PlusMinusOne-CaseUITests";
				PRODUCT_NAME = "$(TARGET_NAME)";
				SUPPORTED_PLATFORMS = "iphoneos iphonesimulator";
				SUPPORTS_MACCATALYST = NO;
				SUPPORTS_MAC_DESIGNED_FOR_IPHONE_IPAD = NO;
				SWIFT_EMIT_LOC_STRINGS = NO;
				SWIFT_VERSION = 5.0;
				TARGETED_DEVICE_FAMILY = 1;
				TEST_TARGET_NAME = "PlusMinusOne-Case";
			};
			name = Release;
		};
/* End XCBuildConfiguration section */

/* Begin XCConfigurationList section */
		96185A792AF40D09005A5488 /* Build configuration list for PBXProject "PlusMinusOne-Case" */ = {
			isa = XCConfigurationList;
			buildConfigurations = (
				96185AA62AF40D0A005A5488 /* Debug */,
				96185AA72AF40D0A005A5488 /* Release */,
			);
			defaultConfigurationIsVisible = 0;
			defaultConfigurationName = Release;
		};
		96185AA82AF40D0A005A5488 /* Build configuration list for PBXNativeTarget "PlusMinusOne-Case" */ = {
			isa = XCConfigurationList;
			buildConfigurations = (
				96185AA92AF40D0A005A5488 /* Debug */,
				96185AAA2AF40D0A005A5488 /* Release */,
			);
			defaultConfigurationIsVisible = 0;
			defaultConfigurationName = Release;
		};
		96185AAB2AF40D0A005A5488 /* Build configuration list for PBXNativeTarget "PlusMinusOne-CaseTests" */ = {
			isa = XCConfigurationList;
			buildConfigurations = (
				96185AAC2AF40D0A005A5488 /* Debug */,
				96185AAD2AF40D0A005A5488 /* Release */,
			);
			defaultConfigurationIsVisible = 0;
			defaultConfigurationName = Release;
		};
		96185AAE2AF40D0A005A5488 /* Build configuration list for PBXNativeTarget "PlusMinusOne-CaseUITests" */ = {
			isa = XCConfigurationList;
			buildConfigurations = (
				96185AAF2AF40D0A005A5488 /* Debug */,
				96185AB02AF40D0A005A5488 /* Release */,
			);
			defaultConfigurationIsVisible = 0;
			defaultConfigurationName = Release;
		};
/* End XCConfigurationList section */

/* Begin XCRemoteSwiftPackageReference section */
		961969692AF7F9A4001CB5EB /* XCRemoteSwiftPackageReference "Kingfisher" */ = {
			isa = XCRemoteSwiftPackageReference;
			repositoryURL = "https://github.com/onevcat/Kingfisher";
			requirement = {
				kind = upToNextMajorVersion;
				minimumVersion = 7.10.0;
			};
		};
		9619696C2AF80107001CB5EB /* XCRemoteSwiftPackageReference "Cosmos" */ = {
			isa = XCRemoteSwiftPackageReference;
			repositoryURL = "https://github.com/evgenyneu/Cosmos";
			requirement = {
				kind = upToNextMajorVersion;
				minimumVersion = 23.0.0;
			};
		};
/* End XCRemoteSwiftPackageReference section */

/* Begin XCSwiftPackageProductDependency section */
		9619696A2AF7F9A4001CB5EB /* Kingfisher */ = {
			isa = XCSwiftPackageProductDependency;
			package = 961969692AF7F9A4001CB5EB /* XCRemoteSwiftPackageReference "Kingfisher" */;
			productName = Kingfisher;
		};
		9619696D2AF80107001CB5EB /* Cosmos */ = {
			isa = XCSwiftPackageProductDependency;
			package = 9619696C2AF80107001CB5EB /* XCRemoteSwiftPackageReference "Cosmos" */;
			productName = Cosmos;
		};
/* End XCSwiftPackageProductDependency section */
	};
	rootObject = 96185A762AF40D09005A5488 /* Project object */;
}
